// !$*UTF8*$!
{
	archiveVersion = 1;
	classes = {
	};
	objectVersion = 46;
	objects = {

/* Begin PBXBuildFile section */
		1BBDF205BEE66EF7D660FC0F /* stb_image.c in Sources */ = {isa = PBXBuildFile; fileRef = 1BBDF0CEA30D3AB21C197177 /* stb_image.c */; };
		225D7DBC1850C3EF00A141C0 /* main.cpp in Sources */ = {isa = PBXBuildFile; fileRef = 225D7DBB1850C3EF00A141C0 /* main.cpp */; };
		225D7DC51850C45500A141C0 /* SDL2.framework in Frameworks */ = {isa = PBXBuildFile; fileRef = 225D7DC41850C45500A141C0 /* SDL2.framework */; };
		2298AD2F1854219C008A4837 /* Game.cpp in Sources */ = {isa = PBXBuildFile; fileRef = 2298AD2E1854219C008A4837 /* Game.cpp */; };
		2298AD31185421A7008A4837 /* Renderer.cpp in Sources */ = {isa = PBXBuildFile; fileRef = 2298AD30185421A7008A4837 /* Renderer.cpp */; };
		2298AD351854230A008A4837 /* Bitmap.cpp in Sources */ = {isa = PBXBuildFile; fileRef = 2298AD341854230A008A4837 /* Bitmap.cpp */; };
		22C1A853185B38BD001C9B05 /* Resources.cpp in Sources */ = {isa = PBXBuildFile; fileRef = 22C1A852185B38BD001C9B05 /* Resources.cpp */; };
		22DCB58D18543ECB000F77D0 /* RayCastBitmap.cpp in Sources */ = {isa = PBXBuildFile; fileRef = 22DCB58C18543ECB000F77D0 /* RayCastBitmap.cpp */; };
		60DB6536185A8C9F0054681D /* Entity.cpp in Sources */ = {isa = PBXBuildFile; fileRef = 60DB6535185A8C9F0054681D /* Entity.cpp */; };
		60DB6539185A8E620054681D /* Player.cpp in Sources */ = {isa = PBXBuildFile; fileRef = 60DB6538185A8E620054681D /* Player.cpp */; };
/* End PBXBuildFile section */

/* Begin PBXCopyFilesBuildPhase section */
		225D7DB61850C3EF00A141C0 /* CopyFiles */ = {
			isa = PBXCopyFilesBuildPhase;
			buildActionMask = 2147483647;
			dstPath = /usr/share/man/man1/;
			dstSubfolderSpec = 0;
			files = (
			);
			runOnlyForDeploymentPostprocessing = 1;
		};
/* End PBXCopyFilesBuildPhase section */

/* Begin PBXFileReference section */
		1BBDF0CEA30D3AB21C197177 /* stb_image.c */ = {isa = PBXFileReference; fileEncoding = 4; lastKnownFileType = sourcecode.c.c; name = stb_image.c; path = External/stb_image.c; sourceTree = "<group>"; };
		1BBDF5C5D0A91B72FD995D9C /* HUD.png */ = {isa = PBXFileReference; lastKnownFileType = image.png; path = HUD.png; sourceTree = "<group>"; };
		1BBDF662FEA373C9BD97B1FA /* DungeonCrawler.1 */ = {isa = PBXFileReference; fileEncoding = 4; lastKnownFileType = text.man; name = DungeonCrawler.1; path = DungeonCrawler/DungeonCrawler.1; sourceTree = "<group>"; };
		1BBDFC746E6DB639522E133C /* walls.png */ = {isa = PBXFileReference; lastKnownFileType = image.png; path = walls.png; sourceTree = "<group>"; };
		1BBDFDF1E1B1E571E3D911C7 /* std_image.h */ = {isa = PBXFileReference; fileEncoding = 4; lastKnownFileType = sourcecode.c.h; name = std_image.h; path = External/std_image.h; sourceTree = "<group>"; };
		2256277818532B37009A865C /* Renderer.h */ = {isa = PBXFileReference; lastKnownFileType = sourcecode.c.h; path = Renderer.h; sourceTree = "<group>"; };
		2256277918532D65009A865C /* Game.h */ = {isa = PBXFileReference; lastKnownFileType = sourcecode.c.h; path = Game.h; sourceTree = "<group>"; };
		225D7DB81850C3EF00A141C0 /* DungeonCrawler */ = {isa = PBXFileReference; explicitFileType = "compiled.mach-o.executable"; includeInIndex = 0; path = DungeonCrawler; sourceTree = BUILT_PRODUCTS_DIR; };
		225D7DBB1850C3EF00A141C0 /* main.cpp */ = {isa = PBXFileReference; lastKnownFileType = sourcecode.cpp.cpp; path = main.cpp; sourceTree = "<group>"; };
		225D7DC41850C45500A141C0 /* SDL2.framework */ = {isa = PBXFileReference; lastKnownFileType = wrapper.framework; name = SDL2.framework; path = ../../../../Library/Frameworks/SDL2.framework; sourceTree = "<group>"; };
		2298AD2E1854219C008A4837 /* Game.cpp */ = {isa = PBXFileReference; fileEncoding = 4; lastKnownFileType = sourcecode.cpp.cpp; path = Game.cpp; sourceTree = "<group>"; };
		2298AD30185421A7008A4837 /* Renderer.cpp */ = {isa = PBXFileReference; fileEncoding = 4; lastKnownFileType = sourcecode.cpp.cpp; path = Renderer.cpp; sourceTree = "<group>"; };
		2298AD33185422E6008A4837 /* Bitmap.h */ = {isa = PBXFileReference; fileEncoding = 4; lastKnownFileType = sourcecode.c.h; path = Bitmap.h; sourceTree = "<group>"; };
		2298AD341854230A008A4837 /* Bitmap.cpp */ = {isa = PBXFileReference; fileEncoding = 4; lastKnownFileType = sourcecode.cpp.cpp; path = Bitmap.cpp; sourceTree = "<group>"; };
		22C1A851185B36FD001C9B05 /* Resources.h */ = {isa = PBXFileReference; fileEncoding = 4; lastKnownFileType = sourcecode.c.h; path = Resources.h; sourceTree = "<group>"; };
		22C1A852185B38BD001C9B05 /* Resources.cpp */ = {isa = PBXFileReference; fileEncoding = 4; lastKnownFileType = sourcecode.cpp.cpp; path = Resources.cpp; sourceTree = "<group>"; };
		22DCB58B18543EB5000F77D0 /* RayCastBitmap.h */ = {isa = PBXFileReference; lastKnownFileType = sourcecode.c.h; path = RayCastBitmap.h; sourceTree = "<group>"; };
		22DCB58C18543ECB000F77D0 /* RayCastBitmap.cpp */ = {isa = PBXFileReference; fileEncoding = 4; lastKnownFileType = sourcecode.cpp.cpp; path = RayCastBitmap.cpp; sourceTree = "<group>"; };
		60DB6534185A8C940054681D /* Entity.h */ = {isa = PBXFileReference; lastKnownFileType = sourcecode.c.h; path = Entity.h; sourceTree = "<group>"; };
		60DB6535185A8C9F0054681D /* Entity.cpp */ = {isa = PBXFileReference; fileEncoding = 4; lastKnownFileType = sourcecode.cpp.cpp; path = Entity.cpp; sourceTree = "<group>"; };
		60DB6537185A8E5A0054681D /* Player.h */ = {isa = PBXFileReference; lastKnownFileType = sourcecode.c.h; path = Player.h; sourceTree = "<group>"; };
		60DB6538185A8E620054681D /* Player.cpp */ = {isa = PBXFileReference; fileEncoding = 4; lastKnownFileType = sourcecode.cpp.cpp; path = Player.cpp; sourceTree = "<group>"; };
		60DB653B185A91650054681D /* Vector.h */ = {isa = PBXFileReference; lastKnownFileType = sourcecode.c.h; path = Vector.h; sourceTree = "<group>"; };
/* End PBXFileReference section */

/* Begin PBXFrameworksBuildPhase section */
		225D7DB51850C3EF00A141C0 /* Frameworks */ = {
			isa = PBXFrameworksBuildPhase;
			buildActionMask = 2147483647;
			files = (
				225D7DC51850C45500A141C0 /* SDL2.framework in Frameworks */,
			);
			runOnlyForDeploymentPostprocessing = 0;
		};
/* End PBXFrameworksBuildPhase section */

/* Begin PBXGroup section */
		1BBDF250C8DA3FDB7F955362 /* Art */ = {
			isa = PBXGroup;
			children = (
				1BBDF5C5D0A91B72FD995D9C /* HUD.png */,
				1BBDFC746E6DB639522E133C /* walls.png */,
			);
			path = Art;
			sourceTree = "<group>";
		};
		1BBDF61C31FB213014354735 /* External */ = {
			isa = PBXGroup;
			children = (
				1BBDF0CEA30D3AB21C197177 /* stb_image.c */,
				1BBDFDF1E1B1E571E3D911C7 /* std_image.h */,
			);
			name = External;
			sourceTree = "<group>";
		};
		225D7DAF1850C3EF00A141C0 = {
			isa = PBXGroup;
			children = (
				225D7DC41850C45500A141C0 /* SDL2.framework */,
				225D7DBA1850C3EF00A141C0 /* DungeonCrawler */,
				225D7DB91850C3EF00A141C0 /* Products */,
			);
			sourceTree = "<group>";
		};
		225D7DB91850C3EF00A141C0 /* Products */ = {
			isa = PBXGroup;
			children = (
				225D7DB81850C3EF00A141C0 /* DungeonCrawler */,
				1BBDF662FEA373C9BD97B1FA /* DungeonCrawler.1 */,
			);
			name = Products;
			sourceTree = "<group>";
		};
		225D7DBA1850C3EF00A141C0 /* DungeonCrawler */ = {
			isa = PBXGroup;
			children = (
				60DB6533185A8C7B0054681D /* Entity */,
				2298AD321854227E008A4837 /* Graphics */,
				225D7DBB1850C3EF00A141C0 /* main.cpp */,
				22C1A851185B36FD001C9B05 /* Resources.h */,
				22C1A852185B38BD001C9B05 /* Resources.cpp */,
				2256277818532B37009A865C /* Renderer.h */,
				2256277918532D65009A865C /* Game.h */,
				2298AD2E1854219C008A4837 /* Game.cpp */,
				2298AD30185421A7008A4837 /* Renderer.cpp */,
				CA249E00FAD0446751731E96 /* Common */,
				1BBDF61C31FB213014354735 /* External */,
				1BBDF250C8DA3FDB7F955362 /* Art */,
			);
			path = DungeonCrawler;
			sourceTree = "<group>";
		};
		2298AD321854227E008A4837 /* Graphics */ = {
			isa = PBXGroup;
			children = (
				2298AD33185422E6008A4837 /* Bitmap.h */,
				2298AD341854230A008A4837 /* Bitmap.cpp */,
				22DCB58B18543EB5000F77D0 /* RayCastBitmap.h */,
				22DCB58C18543ECB000F77D0 /* RayCastBitmap.cpp */,
			);
			name = Graphics;
			sourceTree = "<group>";
		};
		60DB6533185A8C7B0054681D /* Entity */ = {
			isa = PBXGroup;
			children = (
				60DB6534185A8C940054681D /* Entity.h */,
				60DB6535185A8C9F0054681D /* Entity.cpp */,
				60DB6537185A8E5A0054681D /* Player.h */,
				60DB6538185A8E620054681D /* Player.cpp */,
			);
			name = Entity;
			sourceTree = "<group>";
		};
		CA249E00FAD0446751731E96 /* Common */ = {
			isa = PBXGroup;
			children = (
				60DB653B185A91650054681D /* Vector.h */,
			);
			path = Common;
			sourceTree = "<group>";
		};
/* End PBXGroup section */

/* Begin PBXNativeTarget section */
		225D7DB71850C3EF00A141C0 /* DungeonCrawler */ = {
			isa = PBXNativeTarget;
			buildConfigurationList = 225D7DC11850C3EF00A141C0 /* Build configuration list for PBXNativeTarget "DungeonCrawler" */;
			buildPhases = (
				225D7DB41850C3EF00A141C0 /* Sources */,
				225D7DB51850C3EF00A141C0 /* Frameworks */,
				225D7DB61850C3EF00A141C0 /* CopyFiles */,
			);
			buildRules = (
			);
			dependencies = (
			);
			name = DungeonCrawler;
			productName = DungeonCrawler;
			productReference = 225D7DB81850C3EF00A141C0 /* DungeonCrawler */;
			productType = "com.apple.product-type.tool";
		};
/* End PBXNativeTarget section */

/* Begin PBXProject section */
		225D7DB01850C3EF00A141C0 /* Project object */ = {
			isa = PBXProject;
			attributes = {
				LastUpgradeCheck = 0500;
				ORGANIZATIONNAME = Sam;
			};
			buildConfigurationList = 225D7DB31850C3EF00A141C0 /* Build configuration list for PBXProject "DungeonCrawler" */;
			compatibilityVersion = "Xcode 3.2";
			developmentRegion = English;
			hasScannedForEncodings = 0;
			knownRegions = (
				en,
			);
			mainGroup = 225D7DAF1850C3EF00A141C0;
			productRefGroup = 225D7DB91850C3EF00A141C0 /* Products */;
			projectDirPath = "";
			projectRoot = "";
			targets = (
				225D7DB71850C3EF00A141C0 /* DungeonCrawler */,
			);
		};
/* End PBXProject section */

/* Begin PBXSourcesBuildPhase section */
		225D7DB41850C3EF00A141C0 /* Sources */ = {
			isa = PBXSourcesBuildPhase;
			buildActionMask = 2147483647;
			files = (
				22DCB58D18543ECB000F77D0 /* RayCastBitmap.cpp in Sources */,
				60DB6539185A8E620054681D /* Player.cpp in Sources */,
				2298AD31185421A7008A4837 /* Renderer.cpp in Sources */,
				22C1A853185B38BD001C9B05 /* Resources.cpp in Sources */,
				225D7DBC1850C3EF00A141C0 /* main.cpp in Sources */,
				2298AD351854230A008A4837 /* Bitmap.cpp in Sources */,
				60DB6536185A8C9F0054681D /* Entity.cpp in Sources */,
				2298AD2F1854219C008A4837 /* Game.cpp in Sources */,
				1BBDF205BEE66EF7D660FC0F /* stb_image.c in Sources */,
			);
			runOnlyForDeploymentPostprocessing = 0;
		};
/* End PBXSourcesBuildPhase section */

/* Begin XCBuildConfiguration section */
		225D7DBF1850C3EF00A141C0 /* Debug */ = {
			isa = XCBuildConfiguration;
			buildSettings = {
				ALWAYS_SEARCH_USER_PATHS = NO;
				CLANG_CXX_LANGUAGE_STANDARD = "gnu++0x";
				CLANG_CXX_LIBRARY = "libc++";
				CLANG_ENABLE_OBJC_ARC = YES;
				CLANG_WARN_BOOL_CONVERSION = YES;
				CLANG_WARN_CONSTANT_CONVERSION = YES;
				CLANG_WARN_DIRECT_OBJC_ISA_USAGE = YES_ERROR;
				CLANG_WARN_EMPTY_BODY = YES;
				CLANG_WARN_ENUM_CONVERSION = YES;
				CLANG_WARN_INT_CONVERSION = YES;
				CLANG_WARN_OBJC_ROOT_CLASS = YES_ERROR;
				CLANG_WARN__DUPLICATE_METHOD_MATCH = YES;
				COPY_PHASE_STRIP = NO;
				GCC_C_LANGUAGE_STANDARD = gnu99;
				GCC_DYNAMIC_NO_PIC = NO;
				GCC_ENABLE_OBJC_EXCEPTIONS = YES;
				GCC_OPTIMIZATION_LEVEL = 0;
				GCC_PREPROCESSOR_DEFINITIONS = (
					"DEBUG=1",
					"$(inherited)",
				);
				GCC_SYMBOLS_PRIVATE_EXTERN = NO;
				GCC_WARN_64_TO_32_BIT_CONVERSION = YES;
				GCC_WARN_ABOUT_RETURN_TYPE = YES_ERROR;
				GCC_WARN_UNDECLARED_SELECTOR = YES;
				GCC_WARN_UNINITIALIZED_AUTOS = YES;
				GCC_WARN_UNUSED_FUNCTION = YES;
				GCC_WARN_UNUSED_VARIABLE = YES;
				MACOSX_DEPLOYMENT_TARGET = 10.9;
				ONLY_ACTIVE_ARCH = YES;
				SDKROOT = macosx;
			};
			name = Debug;
		};
		225D7DC01850C3EF00A141C0 /* Release */ = {
			isa = XCBuildConfiguration;
			buildSettings = {
				ALWAYS_SEARCH_USER_PATHS = NO;
				CLANG_CXX_LANGUAGE_STANDARD = "gnu++0x";
				CLANG_CXX_LIBRARY = "libc++";
				CLANG_ENABLE_OBJC_ARC = YES;
				CLANG_WARN_BOOL_CONVERSION = YES;
				CLANG_WARN_CONSTANT_CONVERSION = YES;
				CLANG_WARN_DIRECT_OBJC_ISA_USAGE = YES_ERROR;
				CLANG_WARN_EMPTY_BODY = YES;
				CLANG_WARN_ENUM_CONVERSION = YES;
				CLANG_WARN_INT_CONVERSION = YES;
				CLANG_WARN_OBJC_ROOT_CLASS = YES_ERROR;
				CLANG_WARN__DUPLICATE_METHOD_MATCH = YES;
				COPY_PHASE_STRIP = YES;
				DEBUG_INFORMATION_FORMAT = "dwarf-with-dsym";
				ENABLE_NS_ASSERTIONS = NO;
				GCC_C_LANGUAGE_STANDARD = gnu99;
				GCC_ENABLE_OBJC_EXCEPTIONS = YES;
				GCC_WARN_64_TO_32_BIT_CONVERSION = YES;
				GCC_WARN_ABOUT_RETURN_TYPE = YES_ERROR;
				GCC_WARN_UNDECLARED_SELECTOR = YES;
				GCC_WARN_UNINITIALIZED_AUTOS = YES;
				GCC_WARN_UNUSED_FUNCTION = YES;
				GCC_WARN_UNUSED_VARIABLE = YES;
				MACOSX_DEPLOYMENT_TARGET = 10.9;
				SDKROOT = macosx;
			};
			name = Release;
		};
		225D7DC21850C3EF00A141C0 /* Debug */ = {
			isa = XCBuildConfiguration;
			buildSettings = {
				FRAMEWORK_SEARCH_PATHS = (
					"$(inherited)",
					"$(LOCAL_LIBRARY_DIR)/Frameworks",
					/Library/Frameworks/SDL2.framework/Headers,
				);
				PRODUCT_NAME = "$(TARGET_NAME)";
			};
			name = Debug;
		};
		225D7DC31850C3EF00A141C0 /* Release */ = {
			isa = XCBuildConfiguration;
			buildSettings = {
				FRAMEWORK_SEARCH_PATHS = (
					"$(inherited)",
					"$(LOCAL_LIBRARY_DIR)/Frameworks",
					/Library/Frameworks/SDL2.framework/Headers,
				);
				PRODUCT_NAME = "$(TARGET_NAME)";
			};
			name = Release;
		};
/* End XCBuildConfiguration section */

/* Begin XCConfigurationList section */
		225D7DB31850C3EF00A141C0 /* Build configuration list for PBXProject "DungeonCrawler" */ = {
			isa = XCConfigurationList;
			buildConfigurations = (
				225D7DBF1850C3EF00A141C0 /* Debug */,
				225D7DC01850C3EF00A141C0 /* Release */,
			);
			defaultConfigurationIsVisible = 0;
			defaultConfigurationName = Release;
		};
		225D7DC11850C3EF00A141C0 /* Build configuration list for PBXNativeTarget "DungeonCrawler" */ = {
			isa = XCConfigurationList;
			buildConfigurations = (
				225D7DC21850C3EF00A141C0 /* Debug */,
				225D7DC31850C3EF00A141C0 /* Release */,
			);
			defaultConfigurationIsVisible = 0;
			defaultConfigurationName = Release;
		};
/* End XCConfigurationList section */
	};
	rootObject = 225D7DB01850C3EF00A141C0 /* Project object */;
}
